
Microsoft Visual Studio Solution File, Format Version 12.00
# Visual Studio Version 16
VisualStudioVersion = 16.0.28922.388
MinimumVisualStudioVersion = 10.0.40219.1
Project("{2150E333-8FDC-42A3-9474-1A3956D46DE8}") = "Core", "Core", "{FC3271B1-B0D8-4882-A539-3CEDFA0DA390}"
EndProject
Project("{2150E333-8FDC-42A3-9474-1A3956D46DE8}") = "Static", "Static", "{E2DC02F9-D447-485C-8D74-BBCF4F1A85FF}"
EndProject
Project("{FAE04EC0-301F-11D3-BF4B-00C04F79EFBC}") = "Punnel.Static", "Punnel.Static\Punnel.Static.csproj", "{B429F7DD-E6C6-4E98-A738-3E1CE8ED265A}"
EndProject
Project("{FAE04EC0-301F-11D3-BF4B-00C04F79EFBC}") = "Punnel.FileServiceProxy", "Punnel.FileServiceProxy\Punnel.FileServiceProxy.csproj", "{FE6E8B91-2857-4BD0-ADC6-1432B295C9A2}"
EndProject
Project("{FAE04EC0-301F-11D3-BF4B-00C04F79EFBC}") = "Punnel.Core.BLL", "Punnel.Core.BLL\Punnel.Core.BLL.csproj", "{E31FD1B2-1ECD-4491-93E1-35DF4DC5338C}"
EndProject
Project("{FAE04EC0-301F-11D3-BF4B-00C04F79EFBC}") = "Punnel.Core.Entities", "Punnel.Core.Entities\Punnel.Core.Entities.csproj", "{9E1C2647-968C-45BB-9BED-D78CB0AA2545}"
EndProject
Project("{FAE04EC0-301F-11D3-BF4B-00C04F79EFBC}") = "Punnel.Core.Model", "Punnel.Core.Model\Punnel.Core.Model.csproj", "{0FA47710-D8D7-4B03-AC6A-5ACBA9374651}"
EndProject
Project("{2150E333-8FDC-42A3-9474-1A3956D46DE8}") = "Integration", "Integration", "{EA19618C-CB5A-4FC3-9806-D03F07A8FC3A}"
EndProject
Project("{FAE04EC0-301F-11D3-BF4B-00C04F79EFBC}") = "Punnel.CrawlData", "Punnel.CrawlData\Punnel.CrawlData.csproj", "{D90B04E4-62F8-42A2-90A2-3B84D8D3B207}"
EndProject
Project("{FAE04EC0-301F-11D3-BF4B-00C04F79EFBC}") = "Punnel.IntegrationServices", "Integration\Punnel.IntegrationServices.csproj", "{B919D549-53F9-40CE-B44D-3D157D54891B}"
EndProject
Project("{FAE04EC0-301F-11D3-BF4B-00C04F79EFBC}") = "Punnel.Core.Utils", "Punnel.Core.Utils\Punnel.Core.Utils.csproj", "{5D41C6C4-4DA6-4FFC-B7D6-2A12865CA753}"
EndProject
Project("{2150E333-8FDC-42A3-9474-1A3956D46DE8}") = "TaskServices", "TaskServices", "{60BA3CF6-D145-414A-9D23-3C203A2F649F}"
EndProject
Project("{FAE04EC0-301F-11D3-BF4B-00C04F79EFBC}") = "Punnel.QueueService", "Punnel.QueueService\Punnel.QueueService.csproj", "{37A967B0-DCD7-4A4E-85F2-3FBE6BF78ED9}"
EndProject
Project("{FAE04EC0-301F-11D3-BF4B-00C04F79EFBC}") = "Punnel.Core.IIS", "Punnel.Core.IIS\Punnel.Core.IIS.csproj", "{D2195A52-BDB5-48D1-BAA4-F9AD0EF91EF4}"
EndProject
Project("{FAE04EC0-301F-11D3-BF4B-00C04F79EFBC}") = "Punnel.Api", "Punnel.Api\Punnel.Api.csproj", "{44B7BD5E-D8C2-4AFE-A7C9-FB8D399657EA}"
EndProject
Project("{FAE04EC0-301F-11D3-BF4B-00C04F79EFBC}") = "Punnel.EmailServices", "Punnel.EmailServices\Punnel.EmailServices.csproj", "{0B1222BB-A76D-441D-A8EB-FAC24A17526A}"
EndProject
Project("{FAE04EC0-301F-11D3-BF4B-00C04F79EFBC}") = "Punnel.App", "Punnel.App\Punnel.App.csproj", "{01E8ADBB-2A5E-4CA7-90FA-2441B3643A40}"
EndProject
Project("{FAE04EC0-301F-11D3-BF4B-00C04F79EFBC}") = "Punnel.Tracking", "Punnel.Landing\Punnel.Tracking.csproj", "{A65D4CD9-4C88-413A-B070-5BB2838FCA25}"
EndProject
Project("{FAE04EC0-301F-11D3-BF4B-00C04F79EFBC}") = "Punnel.CPanel", "Punnel.CPanel\Punnel.CPanel.csproj", "{DEE13FD1-C6DD-4F43-BB46-3C8DFB56EDE0}"
EndProject
Project("{FAE04EC0-301F-11D3-BF4B-00C04F79EFBC}") = "Punnel.ShopifyService", "Punnel.ShopifyService\Punnel.ShopifyService.csproj", "{E27AA0B4-DBAA-4172-8983-9FC968489A38}"
EndProject
Project("{FAE04EC0-301F-11D3-BF4B-00C04F79EFBC}") = "Punnel.HaravanService", "Punnel.Haravan\Punnel.HaravanService.csproj", "{3658B97F-C73E-4BBD-A0B4-B1C708EBC796}"
EndProject
Project("{FAE04EC0-301F-11D3-BF4B-00C04F79EFBC}") = "HaravanAPIAdapterLibrary", "HaravanAPIAdapterLibrary\HaravanAPIAdapterLibrary.csproj", "{6FF5A961-591A-47FC-BA85-00B8F44750D0}"
EndProject
Project("{2150E333-8FDC-42A3-9474-1A3956D46DE8}") = "Libs", "Libs", "{DBDD7DB0-18FA-4C6A-A1CE-2F15974D2774}"
EndProject
Project("{FAE04EC0-301F-11D3-BF4B-00C04F79EFBC}") = "SapoAPIAdapterLibrary", "SapoAPIAdapterLibrary\SapoAPIAdapterLibrary.csproj", "{F9B88737-F43D-4055-BA5C-4565412CF831}"
EndProject
Project("{FAE04EC0-301F-11D3-BF4B-00C04F79EFBC}") = "Punnel.SapoService", "Punnel.SapoService\Punnel.SapoService.csproj", "{5F556AC7-B079-49C4-85D9-566B3E98AFFE}"
EndProject
Project("{2150E333-8FDC-42A3-9474-1A3956D46DE8}") = "Chatbot", "Chatbot", "{23F842C3-0CD8-4818-A826-2FF1EB5F20AB}"
EndProject
Project("{FAE04EC0-301F-11D3-BF4B-00C04F79EFBC}") = "Punnel.ChatHub", "Punnel.ChatHub\Punnel.ChatHub.csproj", "{66641DCA-EF8A-4474-89E3-E7899E212120}"
EndProject
Project("{FAE04EC0-301F-11D3-BF4B-00C04F79EFBC}") = "Punnel.MarketingService", "Punnel.MarketingService\Punnel.MarketingService.csproj", "{A04309D9-C3DF-42EB-9537-58B5C685B192}"
EndProject
Project("{9A19103F-16F7-4668-BE54-9A1E7A4F7556}") = "Punnel.Theme", "Punnel.Theme\Punnel.Theme.csproj", "{9425AB80-6506-41DC-AE29-DF5C9946B559}"
EndProject
Project("{FAE04EC0-301F-11D3-BF4B-00C04F79EFBC}") = "Punnel.Membership", "Punnel.Membership\Punnel.Membership.csproj", "{44549A06-7C76-4B25-B6C8-7CE5FECFC002}"
EndProject
Project("{FAE04EC0-301F-11D3-BF4B-00C04F79EFBC}") = "Punnel.WebImage", "Punnel.WebImage\Punnel.WebImage.csproj", "{5D8B2CCF-132B-4A68-85C6-6BB7FB30C6A5}"
EndProject
Project("{FAE04EC0-301F-11D3-BF4B-00C04F79EFBC}") = "Punnel.ChatMessenger", "Punnel.ChatMessenger\Punnel.ChatMessenger.csproj", "{14995748-9D18-46BF-A7B7-7E9111352CAF}"
EndProject
Global
	GlobalSection(SolutionConfigurationPlatforms) = preSolution
		Debug|Any CPU = Debug|Any CPU
		dev|Any CPU = dev|Any CPU
		Release|Any CPU = Release|Any CPU
	EndGlobalSection
	GlobalSection(ProjectConfigurationPlatforms) = postSolution
		{B429F7DD-E6C6-4E98-A738-3E1CE8ED265A}.Debug|Any CPU.ActiveCfg = Debug|Any CPU
		{B429F7DD-E6C6-4E98-A738-3E1CE8ED265A}.Debug|Any CPU.Build.0 = Debug|Any CPU
		{B429F7DD-E6C6-4E98-A738-3E1CE8ED265A}.dev|Any CPU.ActiveCfg = Debug|Any CPU
		{B429F7DD-E6C6-4E98-A738-3E1CE8ED265A}.dev|Any CPU.Build.0 = Debug|Any CPU
		{B429F7DD-E6C6-4E98-A738-3E1CE8ED265A}.Release|Any CPU.ActiveCfg = Release|Any CPU
		{B429F7DD-E6C6-4E98-A738-3E1CE8ED265A}.Release|Any CPU.Build.0 = Release|Any CPU
		{FE6E8B91-2857-4BD0-ADC6-1432B295C9A2}.Debug|Any CPU.ActiveCfg = Debug|Any CPU
		{FE6E8B91-2857-4BD0-ADC6-1432B295C9A2}.Debug|Any CPU.Build.0 = Debug|Any CPU
		{FE6E8B91-2857-4BD0-ADC6-1432B295C9A2}.dev|Any CPU.ActiveCfg = Debug|Any CPU
		{FE6E8B91-2857-4BD0-ADC6-1432B295C9A2}.dev|Any CPU.Build.0 = Debug|Any CPU
		{FE6E8B91-2857-4BD0-ADC6-1432B295C9A2}.Release|Any CPU.ActiveCfg = Release|Any CPU
		{FE6E8B91-2857-4BD0-ADC6-1432B295C9A2}.Release|Any CPU.Build.0 = Release|Any CPU
		{E31FD1B2-1ECD-4491-93E1-35DF4DC5338C}.Debug|Any CPU.ActiveCfg = Debug|Any CPU
		{E31FD1B2-1ECD-4491-93E1-35DF4DC5338C}.Debug|Any CPU.Build.0 = Debug|Any CPU
		{E31FD1B2-1ECD-4491-93E1-35DF4DC5338C}.dev|Any CPU.ActiveCfg = Debug|Any CPU
		{E31FD1B2-1ECD-4491-93E1-35DF4DC5338C}.dev|Any CPU.Build.0 = Debug|Any CPU
		{E31FD1B2-1ECD-4491-93E1-35DF4DC5338C}.Release|Any CPU.ActiveCfg = Release|Any CPU
		{E31FD1B2-1ECD-4491-93E1-35DF4DC5338C}.Release|Any CPU.Build.0 = Release|Any CPU
		{9E1C2647-968C-45BB-9BED-D78CB0AA2545}.Debug|Any CPU.ActiveCfg = Debug|Any CPU
		{9E1C2647-968C-45BB-9BED-D78CB0AA2545}.Debug|Any CPU.Build.0 = Debug|Any CPU
		{9E1C2647-968C-45BB-9BED-D78CB0AA2545}.dev|Any CPU.ActiveCfg = Debug|Any CPU
		{9E1C2647-968C-45BB-9BED-D78CB0AA2545}.dev|Any CPU.Build.0 = Debug|Any CPU
		{9E1C2647-968C-45BB-9BED-D78CB0AA2545}.Release|Any CPU.ActiveCfg = Release|Any CPU
		{9E1C2647-968C-45BB-9BED-D78CB0AA2545}.Release|Any CPU.Build.0 = Release|Any CPU
		{0FA47710-D8D7-4B03-AC6A-5ACBA9374651}.Debug|Any CPU.ActiveCfg = Debug|Any CPU
		{0FA47710-D8D7-4B03-AC6A-5ACBA9374651}.Debug|Any CPU.Build.0 = Debug|Any CPU
		{0FA47710-D8D7-4B03-AC6A-5ACBA9374651}.dev|Any CPU.ActiveCfg = Debug|Any CPU
		{0FA47710-D8D7-4B03-AC6A-5ACBA9374651}.dev|Any CPU.Build.0 = Debug|Any CPU
		{0FA47710-D8D7-4B03-AC6A-5ACBA9374651}.Release|Any CPU.ActiveCfg = Release|Any CPU
		{0FA47710-D8D7-4B03-AC6A-5ACBA9374651}.Release|Any CPU.Build.0 = Release|Any CPU
		{D90B04E4-62F8-42A2-90A2-3B84D8D3B207}.Debug|Any CPU.ActiveCfg = Debug|Any CPU
		{D90B04E4-62F8-42A2-90A2-3B84D8D3B207}.Debug|Any CPU.Build.0 = Debug|Any CPU
		{D90B04E4-62F8-42A2-90A2-3B84D8D3B207}.dev|Any CPU.ActiveCfg = Debug|Any CPU
		{D90B04E4-62F8-42A2-90A2-3B84D8D3B207}.dev|Any CPU.Build.0 = Debug|Any CPU
		{D90B04E4-62F8-42A2-90A2-3B84D8D3B207}.Release|Any CPU.ActiveCfg = Release|Any CPU
		{D90B04E4-62F8-42A2-90A2-3B84D8D3B207}.Release|Any CPU.Build.0 = Release|Any CPU
		{B919D549-53F9-40CE-B44D-3D157D54891B}.Debug|Any CPU.ActiveCfg = Debug|Any CPU
		{B919D549-53F9-40CE-B44D-3D157D54891B}.Debug|Any CPU.Build.0 = Debug|Any CPU
		{B919D549-53F9-40CE-B44D-3D157D54891B}.dev|Any CPU.ActiveCfg = Debug|Any CPU
		{B919D549-53F9-40CE-B44D-3D157D54891B}.dev|Any CPU.Build.0 = Debug|Any CPU
		{B919D549-53F9-40CE-B44D-3D157D54891B}.Release|Any CPU.ActiveCfg = Release|Any CPU
		{B919D549-53F9-40CE-B44D-3D157D54891B}.Release|Any CPU.Build.0 = Release|Any CPU
		{5D41C6C4-4DA6-4FFC-B7D6-2A12865CA753}.Debug|Any CPU.ActiveCfg = Debug|Any CPU
		{5D41C6C4-4DA6-4FFC-B7D6-2A12865CA753}.Debug|Any CPU.Build.0 = Debug|Any CPU
		{5D41C6C4-4DA6-4FFC-B7D6-2A12865CA753}.dev|Any CPU.ActiveCfg = Debug|Any CPU
		{5D41C6C4-4DA6-4FFC-B7D6-2A12865CA753}.dev|Any CPU.Build.0 = Debug|Any CPU
		{5D41C6C4-4DA6-4FFC-B7D6-2A12865CA753}.Release|Any CPU.ActiveCfg = Release|Any CPU
		{5D41C6C4-4DA6-4FFC-B7D6-2A12865CA753}.Release|Any CPU.Build.0 = Release|Any CPU
		{37A967B0-DCD7-4A4E-85F2-3FBE6BF78ED9}.Debug|Any CPU.ActiveCfg = Debug|Any CPU
		{37A967B0-DCD7-4A4E-85F2-3FBE6BF78ED9}.Debug|Any CPU.Build.0 = Debug|Any CPU
		{37A967B0-DCD7-4A4E-85F2-3FBE6BF78ED9}.dev|Any CPU.ActiveCfg = Debug|Any CPU
		{37A967B0-DCD7-4A4E-85F2-3FBE6BF78ED9}.dev|Any CPU.Build.0 = Debug|Any CPU
		{37A967B0-DCD7-4A4E-85F2-3FBE6BF78ED9}.Release|Any CPU.ActiveCfg = Release|Any CPU
		{37A967B0-DCD7-4A4E-85F2-3FBE6BF78ED9}.Release|Any CPU.Build.0 = Release|Any CPU
		{D2195A52-BDB5-48D1-BAA4-F9AD0EF91EF4}.Debug|Any CPU.ActiveCfg = Debug|Any CPU
		{D2195A52-BDB5-48D1-BAA4-F9AD0EF91EF4}.Debug|Any CPU.Build.0 = Debug|Any CPU
		{D2195A52-BDB5-48D1-BAA4-F9AD0EF91EF4}.dev|Any CPU.ActiveCfg = Debug|Any CPU
		{D2195A52-BDB5-48D1-BAA4-F9AD0EF91EF4}.dev|Any CPU.Build.0 = Debug|Any CPU
		{D2195A52-BDB5-48D1-BAA4-F9AD0EF91EF4}.Release|Any CPU.ActiveCfg = Release|Any CPU
		{D2195A52-BDB5-48D1-BAA4-F9AD0EF91EF4}.Release|Any CPU.Build.0 = Release|Any CPU
		{44B7BD5E-D8C2-4AFE-A7C9-FB8D399657EA}.Debug|Any CPU.ActiveCfg = Debug|Any CPU
		{44B7BD5E-D8C2-4AFE-A7C9-FB8D399657EA}.Debug|Any CPU.Build.0 = Debug|Any CPU
		{44B7BD5E-D8C2-4AFE-A7C9-FB8D399657EA}.dev|Any CPU.ActiveCfg = Debug|Any CPU
		{44B7BD5E-D8C2-4AFE-A7C9-FB8D399657EA}.dev|Any CPU.Build.0 = Debug|Any CPU
		{44B7BD5E-D8C2-4AFE-A7C9-FB8D399657EA}.Release|Any CPU.ActiveCfg = Release|Any CPU
		{44B7BD5E-D8C2-4AFE-A7C9-FB8D399657EA}.Release|Any CPU.Build.0 = Release|Any CPU
		{0B1222BB-A76D-441D-A8EB-FAC24A17526A}.Debug|Any CPU.ActiveCfg = Debug|Any CPU
		{0B1222BB-A76D-441D-A8EB-FAC24A17526A}.Debug|Any CPU.Build.0 = Debug|Any CPU
		{0B1222BB-A76D-441D-A8EB-FAC24A17526A}.dev|Any CPU.ActiveCfg = Debug|Any CPU
		{0B1222BB-A76D-441D-A8EB-FAC24A17526A}.dev|Any CPU.Build.0 = Debug|Any CPU
		{0B1222BB-A76D-441D-A8EB-FAC24A17526A}.Release|Any CPU.ActiveCfg = Release|Any CPU
		{0B1222BB-A76D-441D-A8EB-FAC24A17526A}.Release|Any CPU.Build.0 = Release|Any CPU
		{01E8ADBB-2A5E-4CA7-90FA-2441B3643A40}.Debug|Any CPU.ActiveCfg = Debug|Any CPU
		{01E8ADBB-2A5E-4CA7-90FA-2441B3643A40}.Debug|Any CPU.Build.0 = Debug|Any CPU
		{01E8ADBB-2A5E-4CA7-90FA-2441B3643A40}.dev|Any CPU.ActiveCfg = dev|Any CPU
		{01E8ADBB-2A5E-4CA7-90FA-2441B3643A40}.dev|Any CPU.Build.0 = dev|Any CPU
		{01E8ADBB-2A5E-4CA7-90FA-2441B3643A40}.Release|Any CPU.ActiveCfg = Release|Any CPU
		{01E8ADBB-2A5E-4CA7-90FA-2441B3643A40}.Release|Any CPU.Build.0 = Release|Any CPU
		{A65D4CD9-4C88-413A-B070-5BB2838FCA25}.Debug|Any CPU.ActiveCfg = Debug|Any CPU
		{A65D4CD9-4C88-413A-B070-5BB2838FCA25}.Debug|Any CPU.Build.0 = Debug|Any CPU
		{A65D4CD9-4C88-413A-B070-5BB2838FCA25}.dev|Any CPU.ActiveCfg = Debug|Any CPU
		{A65D4CD9-4C88-413A-B070-5BB2838FCA25}.dev|Any CPU.Build.0 = Debug|Any CPU
		{A65D4CD9-4C88-413A-B070-5BB2838FCA25}.Release|Any CPU.ActiveCfg = Release|Any CPU
		{A65D4CD9-4C88-413A-B070-5BB2838FCA25}.Release|Any CPU.Build.0 = Release|Any CPU
		{DEE13FD1-C6DD-4F43-BB46-3C8DFB56EDE0}.Debug|Any CPU.ActiveCfg = Debug|Any CPU
		{DEE13FD1-C6DD-4F43-BB46-3C8DFB56EDE0}.Debug|Any CPU.Build.0 = Debug|Any CPU
		{DEE13FD1-C6DD-4F43-BB46-3C8DFB56EDE0}.dev|Any CPU.ActiveCfg = Debug|Any CPU
		{DEE13FD1-C6DD-4F43-BB46-3C8DFB56EDE0}.dev|Any CPU.Build.0 = Debug|Any CPU
		{DEE13FD1-C6DD-4F43-BB46-3C8DFB56EDE0}.Release|Any CPU.ActiveCfg = Release|Any CPU
		{DEE13FD1-C6DD-4F43-BB46-3C8DFB56EDE0}.Release|Any CPU.Build.0 = Release|Any CPU
		{E27AA0B4-DBAA-4172-8983-9FC968489A38}.Debug|Any CPU.ActiveCfg = Debug|Any CPU
		{E27AA0B4-DBAA-4172-8983-9FC968489A38}.Debug|Any CPU.Build.0 = Debug|Any CPU
		{E27AA0B4-DBAA-4172-8983-9FC968489A38}.dev|Any CPU.ActiveCfg = Debug|Any CPU
		{E27AA0B4-DBAA-4172-8983-9FC968489A38}.dev|Any CPU.Build.0 = Debug|Any CPU
		{E27AA0B4-DBAA-4172-8983-9FC968489A38}.Release|Any CPU.ActiveCfg = Release|Any CPU
		{E27AA0B4-DBAA-4172-8983-9FC968489A38}.Release|Any CPU.Build.0 = Release|Any CPU
		{3658B97F-C73E-4BBD-A0B4-B1C708EBC796}.Debug|Any CPU.ActiveCfg = Debug|Any CPU
		{3658B97F-C73E-4BBD-A0B4-B1C708EBC796}.Debug|Any CPU.Build.0 = Debug|Any CPU
		{3658B97F-C73E-4BBD-A0B4-B1C708EBC796}.dev|Any CPU.ActiveCfg = Debug|Any CPU
		{3658B97F-C73E-4BBD-A0B4-B1C708EBC796}.dev|Any CPU.Build.0 = Debug|Any CPU
		{3658B97F-C73E-4BBD-A0B4-B1C708EBC796}.Release|Any CPU.ActiveCfg = Release|Any CPU
		{3658B97F-C73E-4BBD-A0B4-B1C708EBC796}.Release|Any CPU.Build.0 = Release|Any CPU
		{6FF5A961-591A-47FC-BA85-00B8F44750D0}.Debug|Any CPU.ActiveCfg = Debug|Any CPU
		{6FF5A961-591A-47FC-BA85-00B8F44750D0}.Debug|Any CPU.Build.0 = Debug|Any CPU
		{6FF5A961-591A-47FC-BA85-00B8F44750D0}.dev|Any CPU.ActiveCfg = Debug|Any CPU
		{6FF5A961-591A-47FC-BA85-00B8F44750D0}.dev|Any CPU.Build.0 = Debug|Any CPU
		{6FF5A961-591A-47FC-BA85-00B8F44750D0}.Release|Any CPU.ActiveCfg = Release|Any CPU
		{6FF5A961-591A-47FC-BA85-00B8F44750D0}.Release|Any CPU.Build.0 = Release|Any CPU
		{F9B88737-F43D-4055-BA5C-4565412CF831}.Debug|Any CPU.ActiveCfg = Debug|Any CPU
		{F9B88737-F43D-4055-BA5C-4565412CF831}.Debug|Any CPU.Build.0 = Debug|Any CPU
		{F9B88737-F43D-4055-BA5C-4565412CF831}.dev|Any CPU.ActiveCfg = Debug|Any CPU
		{F9B88737-F43D-4055-BA5C-4565412CF831}.dev|Any CPU.Build.0 = Debug|Any CPU
		{F9B88737-F43D-4055-BA5C-4565412CF831}.Release|Any CPU.ActiveCfg = Release|Any CPU
		{F9B88737-F43D-4055-BA5C-4565412CF831}.Release|Any CPU.Build.0 = Release|Any CPU
		{5F556AC7-B079-49C4-85D9-566B3E98AFFE}.Debug|Any CPU.ActiveCfg = Debug|Any CPU
		{5F556AC7-B079-49C4-85D9-566B3E98AFFE}.Debug|Any CPU.Build.0 = Debug|Any CPU
		{5F556AC7-B079-49C4-85D9-566B3E98AFFE}.dev|Any CPU.ActiveCfg = Debug|Any CPU
		{5F556AC7-B079-49C4-85D9-566B3E98AFFE}.dev|Any CPU.Build.0 = Debug|Any CPU
		{5F556AC7-B079-49C4-85D9-566B3E98AFFE}.Release|Any CPU.ActiveCfg = Release|Any CPU
		{5F556AC7-B079-49C4-85D9-566B3E98AFFE}.Release|Any CPU.Build.0 = Release|Any CPU
		{66641DCA-EF8A-4474-89E3-E7899E212120}.Debug|Any CPU.ActiveCfg = Debug|Any CPU
		{66641DCA-EF8A-4474-89E3-E7899E212120}.Debug|Any CPU.Build.0 = Debug|Any CPU
		{66641DCA-EF8A-4474-89E3-E7899E212120}.dev|Any CPU.ActiveCfg = Debug|Any CPU
		{66641DCA-EF8A-4474-89E3-E7899E212120}.dev|Any CPU.Build.0 = Debug|Any CPU
		{66641DCA-EF8A-4474-89E3-E7899E212120}.Release|Any CPU.ActiveCfg = Release|Any CPU
		{66641DCA-EF8A-4474-89E3-E7899E212120}.Release|Any CPU.Build.0 = Release|Any CPU
		{A04309D9-C3DF-42EB-9537-58B5C685B192}.Debug|Any CPU.ActiveCfg = Debug|Any CPU
		{A04309D9-C3DF-42EB-9537-58B5C685B192}.Debug|Any CPU.Build.0 = Debug|Any CPU
		{A04309D9-C3DF-42EB-9537-58B5C685B192}.dev|Any CPU.ActiveCfg = Debug|Any CPU
		{A04309D9-C3DF-42EB-9537-58B5C685B192}.dev|Any CPU.Build.0 = Debug|Any CPU
		{A04309D9-C3DF-42EB-9537-58B5C685B192}.Release|Any CPU.ActiveCfg = Release|Any CPU
		{A04309D9-C3DF-42EB-9537-58B5C685B192}.Release|Any CPU.Build.0 = Release|Any CPU
		{9425AB80-6506-41DC-AE29-DF5C9946B559}.Debug|Any CPU.ActiveCfg = Debug|Any CPU
		{9425AB80-6506-41DC-AE29-DF5C9946B559}.Debug|Any CPU.Build.0 = Debug|Any CPU
		{9425AB80-6506-41DC-AE29-DF5C9946B559}.dev|Any CPU.ActiveCfg = Debug|Any CPU
		{9425AB80-6506-41DC-AE29-DF5C9946B559}.dev|Any CPU.Build.0 = Debug|Any CPU
		{9425AB80-6506-41DC-AE29-DF5C9946B559}.Release|Any CPU.ActiveCfg = Release|Any CPU
		{9425AB80-6506-41DC-AE29-DF5C9946B559}.Release|Any CPU.Build.0 = Release|Any CPU
		{44549A06-7C76-4B25-B6C8-7CE5FECFC002}.Debug|Any CPU.ActiveCfg = Debug|Any CPU
		{44549A06-7C76-4B25-B6C8-7CE5FECFC002}.Debug|Any CPU.Build.0 = Debug|Any CPU
		{44549A06-7C76-4B25-B6C8-7CE5FECFC002}.dev|Any CPU.ActiveCfg = Debug|Any CPU
		{44549A06-7C76-4B25-B6C8-7CE5FECFC002}.dev|Any CPU.Build.0 = Debug|Any CPU
		{44549A06-7C76-4B25-B6C8-7CE5FECFC002}.Release|Any CPU.ActiveCfg = Release|Any CPU
		{44549A06-7C76-4B25-B6C8-7CE5FECFC002}.Release|Any CPU.Build.0 = Release|Any CPU
		{5D8B2CCF-132B-4A68-85C6-6BB7FB30C6A5}.Debug|Any CPU.ActiveCfg = Debug|Any CPU
		{5D8B2CCF-132B-4A68-85C6-6BB7FB30C6A5}.Debug|Any CPU.Build.0 = Debug|Any CPU
		{5D8B2CCF-132B-4A68-85C6-6BB7FB30C6A5}.dev|Any CPU.ActiveCfg = Debug|Any CPU
		{5D8B2CCF-132B-4A68-85C6-6BB7FB30C6A5}.dev|Any CPU.Build.0 = Debug|Any CPU
		{5D8B2CCF-132B-4A68-85C6-6BB7FB30C6A5}.Release|Any CPU.ActiveCfg = Release|Any CPU
		{5D8B2CCF-132B-4A68-85C6-6BB7FB30C6A5}.Release|Any CPU.Build.0 = Release|Any CPU
		{14995748-9D18-46BF-A7B7-7E9111352CAF}.Debug|Any CPU.ActiveCfg = Debug|Any CPU
		{14995748-9D18-46BF-A7B7-7E9111352CAF}.Debug|Any CPU.Build.0 = Debug|Any CPU
		{14995748-9D18-46BF-A7B7-7E9111352CAF}.dev|Any CPU.ActiveCfg = Debug|Any CPU
		{14995748-9D18-46BF-A7B7-7E9111352CAF}.dev|Any CPU.Build.0 = Debug|Any CPU
		{14995748-9D18-46BF-A7B7-7E9111352CAF}.Release|Any CPU.ActiveCfg = Release|Any CPU
		{14995748-9D18-46BF-A7B7-7E9111352CAF}.Release|Any CPU.Build.0 = Release|Any CPU
	EndGlobalSection
	GlobalSection(SolutionProperties) = preSolution
		HideSolutionNode = FALSE
	EndGlobalSection
	GlobalSection(NestedProjects) = preSolution
		{B429F7DD-E6C6-4E98-A738-3E1CE8ED265A} = {E2DC02F9-D447-485C-8D74-BBCF4F1A85FF}
		{FE6E8B91-2857-4BD0-ADC6-1432B295C9A2} = {E2DC02F9-D447-485C-8D74-BBCF4F1A85FF}
		{E31FD1B2-1ECD-4491-93E1-35DF4DC5338C} = {FC3271B1-B0D8-4882-A539-3CEDFA0DA390}
		{9E1C2647-968C-45BB-9BED-D78CB0AA2545} = {FC3271B1-B0D8-4882-A539-3CEDFA0DA390}
		{0FA47710-D8D7-4B03-AC6A-5ACBA9374651} = {FC3271B1-B0D8-4882-A539-3CEDFA0DA390}
		{D90B04E4-62F8-42A2-90A2-3B84D8D3B207} = {EA19618C-CB5A-4FC3-9806-D03F07A8FC3A}
		{B919D549-53F9-40CE-B44D-3D157D54891B} = {EA19618C-CB5A-4FC3-9806-D03F07A8FC3A}
		{5D41C6C4-4DA6-4FFC-B7D6-2A12865CA753} = {FC3271B1-B0D8-4882-A539-3CEDFA0DA390}
		{37A967B0-DCD7-4A4E-85F2-3FBE6BF78ED9} = {60BA3CF6-D145-414A-9D23-3C203A2F649F}
		{D2195A52-BDB5-48D1-BAA4-F9AD0EF91EF4} = {FC3271B1-B0D8-4882-A539-3CEDFA0DA390}
		{0B1222BB-A76D-441D-A8EB-FAC24A17526A} = {EA19618C-CB5A-4FC3-9806-D03F07A8FC3A}
		{E27AA0B4-DBAA-4172-8983-9FC968489A38} = {EA19618C-CB5A-4FC3-9806-D03F07A8FC3A}
		{3658B97F-C73E-4BBD-A0B4-B1C708EBC796} = {EA19618C-CB5A-4FC3-9806-D03F07A8FC3A}
		{6FF5A961-591A-47FC-BA85-00B8F44750D0} = {DBDD7DB0-18FA-4C6A-A1CE-2F15974D2774}
		{F9B88737-F43D-4055-BA5C-4565412CF831} = {DBDD7DB0-18FA-4C6A-A1CE-2F15974D2774}
		{5F556AC7-B079-49C4-85D9-566B3E98AFFE} = {EA19618C-CB5A-4FC3-9806-D03F07A8FC3A}
		{66641DCA-EF8A-4474-89E3-E7899E212120} = {23F842C3-0CD8-4818-A826-2FF1EB5F20AB}
		{A04309D9-C3DF-42EB-9537-58B5C685B192} = {60BA3CF6-D145-414A-9D23-3C203A2F649F}
		{5D8B2CCF-132B-4A68-85C6-6BB7FB30C6A5} = {E2DC02F9-D447-485C-8D74-BBCF4F1A85FF}
		{14995748-9D18-46BF-A7B7-7E9111352CAF} = {23F842C3-0CD8-4818-A826-2FF1EB5F20AB}
	EndGlobalSection
	GlobalSection(ExtensibilityGlobals) = postSolution
		SolutionGuid = {1C687C52-5E42-4088-B6AC-B6885B8F05FC}
	EndGlobalSection
EndGlobal
